{
  "version": 4,
  "terraform_version": "1.3.4",
  "serial": 12,
  "lineage": "59efbdf4-6641-377e-a877-7c305c6a834c",
  "outputs": {},
  "resources": [
    {
      "mode": "data",
      "type": "yandex_compute_image",
      "name": "ubuntu_image",
      "provider": "provider[\"registry.terraform.io/yandex-cloud/yandex\"]",
      "instances": [
        {
          "schema_version": 0,
          "attributes": {
            "created_at": "2022-11-07T10:47:57Z",
            "description": "ubuntu 22.04 lts",
            "family": "ubuntu-2204-lts",
            "folder_id": "standard-images",
            "id": "fd8njkcpguboriofo0nm",
            "image_id": "fd8njkcpguboriofo0nm",
            "labels": {},
            "min_disk_size": 5,
            "name": "ubuntu-22-04-lts-v20221107",
            "os_type": "linux",
            "pooled": true,
            "product_ids": [
              "f2ef3frbftr2f3hq3uji"
            ],
            "size": 4,
            "status": "ready"
          },
          "sensitive_attributes": []
        }
      ]
    },
    {
      "mode": "managed",
      "type": "yandex_compute_instance",
      "name": "vm-test1",
      "provider": "provider[\"registry.terraform.io/yandex-cloud/yandex\"]",
      "instances": [
        {
          "schema_version": 1,
          "attributes": {
            "allow_recreate": null,
            "allow_stopping_for_update": true,
            "boot_disk": [
              {
                "auto_delete": true,
                "device_name": "fhmv7gi2chkmgldh8kae",
                "disk_id": "fhmv7gi2chkmgldh8kae",
                "initialize_params": [
                  {
                    "block_size": 4096,
                    "description": "",
                    "image_id": "fd8njkcpguboriofo0nm",
                    "name": "",
                    "size": 5,
                    "snapshot_id": "",
                    "type": "network-hdd"
                  }
                ],
                "mode": "READ_WRITE"
              }
            ],
            "created_at": "2022-11-12T16:30:40Z",
            "description": "",
            "folder_id": "b1gfs7kff96rdbes0mnv",
            "fqdn": "fhmi7s8jf85qi1diuor9.auto.internal",
            "hostname": "",
            "id": "fhmi7s8jf85qi1diuor9",
            "labels": {},
            "local_disk": [],
            "metadata": {
              "user-data": "#cloud-config\nusers:\n  - name: ubuntu\n    groups: sudo\n    shell: /bin/bash\n    sudo: ['ALL=(ALL) NOPASSWD:ALL']\n    ssh-authorized-keys:\n      - ssh-rsa AAAAB3NzaC1yc2EAAAADAQABAAABgQDFRsyS39b66cal2ZKyzvkIXfaH3cfde+Y/pfaPQyXoErVCO1GR7QI2vueImRKNvEf4KbmZonFNp9CUvYjCLyl+ozgCMVVym+AtivhGyoAtQLAxuzL1E8XawDxY4IwwRRyY9sEgqm+aCbDipHh/OVWkZXp+ES9K43pZtwoCTI4gCafbdIpA73wUlCgorgMO481JmyH9D8B2Mi8mxmYoNlvHA1BMNTIDBMrv1DrOvOaZ8Bppl8s81BGQHOXJSwUX2/SgQbdpAhH2Gk5uZfAmpQmBTZJaVh/RzVpkCGmm7DtoWSNoOvz2GUvNDUcElr3vmjoCJtlhjkhuirca9s7pL4+3hU8EVc6UqBh9vMD/4JnAAsTbkvtup2zakOrNPkDIoYmrX/56SqsVib7/VxrmoHriNdtkOh4NOVvs5RFd6UkA1PcMiVOjghtmG12SvCl08HwMzB8BwRMAyQlkwx9T5JOisjNSmNRzu+ZeihuTkeazd19oL+b7o/O+elR/IRXq74U= root@terra.local"
            },
            "name": "test1",
            "network_acceleration_type": "standard",
            "network_interface": [
              {
                "dns_record": [],
                "index": 0,
                "ip_address": "192.168.100.9",
                "ipv4": true,
                "ipv6": false,
                "ipv6_address": "",
                "ipv6_dns_record": [],
                "mac_address": "d0:0d:12:3f:11:37",
                "nat": true,
                "nat_dns_record": [],
                "nat_ip_address": "158.160.42.140",
                "nat_ip_version": "IPV4",
                "security_group_ids": [],
                "subnet_id": "e9bvupprfo7rckf6ue56"
              }
            ],
            "placement_policy": [
              {
                "host_affinity_rules": [],
                "placement_group_id": ""
              }
            ],
            "platform_id": "standard-v1",
            "resources": [
              {
                "core_fraction": 100,
                "cores": 2,
                "gpus": 0,
                "memory": 8
              }
            ],
            "scheduling_policy": [
              {
                "preemptible": false
              }
            ],
            "secondary_disk": [],
            "service_account_id": "",
            "status": "running",
            "timeouts": null,
            "zone": "ru-central1-a"
          },
          "sensitive_attributes": [],
          "private": "eyJlMmJmYjczMC1lY2FhLTExZTYtOGY4OC0zNDM2M2JjN2M0YzAiOnsiY3JlYXRlIjozMDAwMDAwMDAwMDAsImRlbGV0ZSI6MzAwMDAwMDAwMDAwLCJ1cGRhdGUiOjMwMDAwMDAwMDAwMH0sInNjaGVtYV92ZXJzaW9uIjoiMSJ9",
          "dependencies": [
            "data.yandex_compute_image.ubuntu_image",
            "yandex_vpc_subnet.subnet_terraform"
          ]
        }
      ]
    },
    {
      "mode": "managed",
      "type": "yandex_vpc_network",
      "name": "network_terraform",
      "provider": "provider[\"registry.terraform.io/yandex-cloud/yandex\"]",
      "instances": [
        {
          "schema_version": 0,
          "attributes": {
            "created_at": "2022-11-12T16:30:37Z",
            "default_security_group_id": "",
            "description": "",
            "folder_id": "b1gfs7kff96rdbes0mnv",
            "id": "enp7eets2v3tqmcthe9g",
            "labels": {},
            "name": "net_terraform",
            "subnet_ids": [
              "e9bvupprfo7rckf6ue56"
            ],
            "timeouts": null
          },
          "sensitive_attributes": [],
          "private": "eyJlMmJmYjczMC1lY2FhLTExZTYtOGY4OC0zNDM2M2JjN2M0YzAiOnsiY3JlYXRlIjo2MDAwMDAwMDAwMCwiZGVsZXRlIjo2MDAwMDAwMDAwMCwidXBkYXRlIjo2MDAwMDAwMDAwMH19"
        }
      ]
    },
    {
      "mode": "managed",
      "type": "yandex_vpc_subnet",
      "name": "subnet_terraform",
      "provider": "provider[\"registry.terraform.io/yandex-cloud/yandex\"]",
      "instances": [
        {
          "schema_version": 0,
          "attributes": {
            "created_at": "2022-11-12T16:30:39Z",
            "description": "",
            "dhcp_options": [],
            "folder_id": "b1gfs7kff96rdbes0mnv",
            "id": "e9bvupprfo7rckf6ue56",
            "labels": {},
            "name": "sub_terraform",
            "network_id": "enp7eets2v3tqmcthe9g",
            "route_table_id": "",
            "timeouts": null,
            "v4_cidr_blocks": [
              "192.168.100.0/24"
            ],
            "v6_cidr_blocks": [],
            "zone": "ru-central1-a"
          },
          "sensitive_attributes": [],
          "private": "eyJlMmJmYjczMC1lY2FhLTExZTYtOGY4OC0zNDM2M2JjN2M0YzAiOnsiY3JlYXRlIjoxODAwMDAwMDAwMDAsImRlbGV0ZSI6MTgwMDAwMDAwMDAwLCJ1cGRhdGUiOjE4MDAwMDAwMDAwMH19",
          "dependencies": [
            "yandex_vpc_network.network_terraform"
          ]
        }
      ]
    }
  ],
  "check_results": null
}
